
Microsoft Visual Studio Solution File, Format Version 12.00
# Visual Studio Version 16
VisualStudioVersion = 16.0.31410.357
MinimumVisualStudioVersion = 10.0.40219.1
Project("{FAE04EC0-301F-11D3-BF4B-00C04F79EFBC}") = "GarageManager.GraphQL.API", "GarageManager.GraphQL.API\GarageManager.GraphQL.API.csproj", "{D679B3AA-3E40-497E-B6FB-32D16A766E07}"
EndProject
Project("{FAE04EC0-301F-11D3-BF4B-00C04F79EFBC}") = "GarageManager.GraphQL.DataModel", "GarageManager.GraphQL.DataModel\GarageManager.GraphQL.DataModel.csproj", "{EC4DF61D-38ED-48F7-B295-B78C994D78EB}"
EndProject
Global
	GlobalSection(SolutionConfigurationPlatforms) = preSolution
		Debug|Any CPU = Debug|Any CPU
		Release|Any CPU = Release|Any CPU
	EndGlobalSection
	GlobalSection(ProjectConfigurationPlatforms) = postSolution
		{D679B3AA-3E40-497E-B6FB-32D16A766E07}.Debug|Any CPU.ActiveCfg = Debug|Any CPU
		{D679B3AA-3E40-497E-B6FB-32D16A766E07}.Debug|Any CPU.Build.0 = Debug|Any CPU
		{D679B3AA-3E40-497E-B6FB-32D16A766E07}.Release|Any CPU.ActiveCfg = Release|Any CPU
		{D679B3AA-3E40-497E-B6FB-32D16A766E07}.Release|Any CPU.Build.0 = Release|Any CPU
		{EC4DF61D-38ED-48F7-B295-B78C994D78EB}.Debug|Any CPU.ActiveCfg = Debug|Any CPU
		{EC4DF61D-38ED-48F7-B295-B78C994D78EB}.Debug|Any CPU.Build.0 = Debug|Any CPU
		{EC4DF61D-38ED-48F7-B295-B78C994D78EB}.Release|Any CPU.ActiveCfg = Release|Any CPU
		{EC4DF61D-38ED-48F7-B295-B78C994D78EB}.Release|Any CPU.Build.0 = Release|Any CPU
	EndGlobalSection
	GlobalSection(SolutionProperties) = preSolution
		HideSolutionNode = FALSE
	EndGlobalSection
	GlobalSection(ExtensibilityGlobals) = postSolution
		SolutionGuid = {CF3945C4-9CEE-4E15-A9E3-1729874FEE5C}
	EndGlobalSection
EndGlobal
